
Microsoft Visual Studio Solution File, Format Version 11.00
# Visual Studio 2010
Project("{FAE04EC0-301F-11D3-BF4B-00C04F79EFBC}") = "Selfish", "Assembly-CSharp-firstpass.csproj", "{AAE013AC-45CB-B6AA-A057-865DBD536D34}"
EndProject
Project("{FAE04EC0-301F-11D3-BF4B-00C04F79EFBC}") = "Selfish", "Assembly-CSharp.csproj", "{A78B929E-DCCC-8AE1-0F48-1AB4A90B8ED8}"
EndProject
Project("{FAE04EC0-301F-11D3-BF4B-00C04F79EFBC}") = "Selfish", "Assembly-CSharp-Editor.csproj", "{C07CD8EF-5A44-0013-5A80-49C139087AF2}"
EndProject
Global
	GlobalSection(SolutionConfigurationPlatforms) = preSolution
		Debug|Any CPU = Debug|Any CPU
		Release|Any CPU = Release|Any CPU
	EndGlobalSection
	GlobalSection(ProjectConfigurationPlatforms) = postSolution
		{AAE013AC-45CB-B6AA-A057-865DBD536D34}.Debug|Any CPU.ActiveCfg = Debug|Any CPU
		{AAE013AC-45CB-B6AA-A057-865DBD536D34}.Debug|Any CPU.Build.0 = Debug|Any CPU
		{AAE013AC-45CB-B6AA-A057-865DBD536D34}.Release|Any CPU.ActiveCfg = Release|Any CPU
		{AAE013AC-45CB-B6AA-A057-865DBD536D34}.Release|Any CPU.Build.0 = Release|Any CPU
		{A78B929E-DCCC-8AE1-0F48-1AB4A90B8ED8}.Debug|Any CPU.ActiveCfg = Debug|Any CPU
		{A78B929E-DCCC-8AE1-0F48-1AB4A90B8ED8}.Debug|Any CPU.Build.0 = Debug|Any CPU
		{A78B929E-DCCC-8AE1-0F48-1AB4A90B8ED8}.Release|Any CPU.ActiveCfg = Release|Any CPU
		{A78B929E-DCCC-8AE1-0F48-1AB4A90B8ED8}.Release|Any CPU.Build.0 = Release|Any CPU
		{C07CD8EF-5A44-0013-5A80-49C139087AF2}.Debug|Any CPU.ActiveCfg = Debug|Any CPU
		{C07CD8EF-5A44-0013-5A80-49C139087AF2}.Debug|Any CPU.Build.0 = Debug|Any CPU
		{C07CD8EF-5A44-0013-5A80-49C139087AF2}.Release|Any CPU.ActiveCfg = Release|Any CPU
		{C07CD8EF-5A44-0013-5A80-49C139087AF2}.Release|Any CPU.Build.0 = Release|Any CPU
	EndGlobalSection
	GlobalSection(SolutionProperties) = preSolution
		HideSolutionNode = FALSE
	EndGlobalSection
	GlobalSection(MonoDevelopProperties) = preSolution
		StartupItem = Assembly-CSharp.csproj
	EndGlobalSection
EndGlobal
